
Microsoft Visual Studio Solution File, Format Version 12.00
# Visual Studio 2013
VisualStudioVersion = 12.0.21005.1
MinimumVisualStudioVersion = 10.0.40219.1
Project("{8BC9CEB8-8B4A-11D0-8D11-00A0C91BC942}") = "Tubes1WithSTL", "Tubes1WithSTL.vcxproj", "{CF8F4EC6-850A-4595-AB0B-7CE11D8FF536}"
EndProject
Global
	GlobalSection(SolutionConfigurationPlatforms) = preSolution
		Debug|Win32 = Debug|Win32
		Release|Win32 = Release|Win32
	EndGlobalSection
	GlobalSection(ProjectConfigurationPlatforms) = postSolution
		{CF8F4EC6-850A-4595-AB0B-7CE11D8FF536}.Debug|Win32.ActiveCfg = Debug|Win32
		{CF8F4EC6-850A-4595-AB0B-7CE11D8FF536}.Debug|Win32.Build.0 = Debug|Win32
		{CF8F4EC6-850A-4595-AB0B-7CE11D8FF536}.Release|Win32.ActiveCfg = Release|Win32
		{CF8F4EC6-850A-4595-AB0B-7CE11D8FF536}.Release|Win32.Build.0 = Release|Win32
	EndGlobalSection
	GlobalSection(SolutionProperties) = preSolution
		HideSolutionNode = FALSE
	EndGlobalSection
EndGlobal
